
Microsoft Visual Studio Solution File, Format Version 12.00
# Visual Studio 15
VisualStudioVersion = 15.0.27428.2002
MinimumVisualStudioVersion = 10.0.40219.1
Project("{FAE04EC0-301F-11D3-BF4B-00C04F79EFBC}") = "HomeWork_HanoiTower", "HomeWork_HanoiTower\HomeWork_HanoiTower.csproj", "{E0360AB3-7CD6-4A27-BA23-CC231B67A786}"
EndProject
Global
	GlobalSection(SolutionConfigurationPlatforms) = preSolution
		Debug|Any CPU = Debug|Any CPU
		Release|Any CPU = Release|Any CPU
	EndGlobalSection
	GlobalSection(ProjectConfigurationPlatforms) = postSolution
		{E0360AB3-7CD6-4A27-BA23-CC231B67A786}.Debug|Any CPU.ActiveCfg = Debug|Any CPU
		{E0360AB3-7CD6-4A27-BA23-CC231B67A786}.Debug|Any CPU.Build.0 = Debug|Any CPU
		{E0360AB3-7CD6-4A27-BA23-CC231B67A786}.Release|Any CPU.ActiveCfg = Release|Any CPU
		{E0360AB3-7CD6-4A27-BA23-CC231B67A786}.Release|Any CPU.Build.0 = Release|Any CPU
	EndGlobalSection
	GlobalSection(SolutionProperties) = preSolution
		HideSolutionNode = FALSE
	EndGlobalSection
	GlobalSection(ExtensibilityGlobals) = postSolution
		SolutionGuid = {8AF1303D-C082-4339-B268-AB79575FA64A}
	EndGlobalSection
EndGlobal
