
Microsoft Visual Studio Solution File, Format Version 12.00
# Visual Studio 15
VisualStudioVersion = 15.0.27428.2002
MinimumVisualStudioVersion = 10.0.40219.1
Project("{FAE04EC0-301F-11D3-BF4B-00C04F79EFBC}") = "Exercise_Test", "Exercise_Test\Exercise_Test.csproj", "{72CC81C2-DA9D-4D5B-94AA-839991FED562}"
EndProject
Global
	GlobalSection(SolutionConfigurationPlatforms) = preSolution
		Debug|Any CPU = Debug|Any CPU
		Release|Any CPU = Release|Any CPU
	EndGlobalSection
	GlobalSection(ProjectConfigurationPlatforms) = postSolution
		{72CC81C2-DA9D-4D5B-94AA-839991FED562}.Debug|Any CPU.ActiveCfg = Debug|Any CPU
		{72CC81C2-DA9D-4D5B-94AA-839991FED562}.Debug|Any CPU.Build.0 = Debug|Any CPU
		{72CC81C2-DA9D-4D5B-94AA-839991FED562}.Release|Any CPU.ActiveCfg = Release|Any CPU
		{72CC81C2-DA9D-4D5B-94AA-839991FED562}.Release|Any CPU.Build.0 = Release|Any CPU
	EndGlobalSection
	GlobalSection(SolutionProperties) = preSolution
		HideSolutionNode = FALSE
	EndGlobalSection
	GlobalSection(ExtensibilityGlobals) = postSolution
		SolutionGuid = {4E1194D6-D854-464B-989A-021098B993AF}
	EndGlobalSection
EndGlobal
